
Microsoft Visual Studio Solution File, Format Version 12.00
# Visual Studio 14
VisualStudioVersion = 14.0.23107.0
MinimumVisualStudioVersion = 10.0.40219.1
Project("{8BC9CEB8-8B4A-11D0-8D11-00A0C91BC942}") = "Engine", "Engine\Engine.vcxproj", "{EC26B1FA-5A0A-4F82-A00E-B73B46FA4888}"
EndProject
Project("{8BC9CEB8-8B4A-11D0-8D11-00A0C91BC942}") = "Application", "..\Application\Application.vcxproj", "{13A39D55-719E-42E1-AF79-24A26B0A51C8}"
EndProject
Global
	GlobalSection(SolutionConfigurationPlatforms) = preSolution
		Debug|x64 = Debug|x64
		Debug|x86 = Debug|x86
		Release|x64 = Release|x64
		Release|x86 = Release|x86
	EndGlobalSection
	GlobalSection(ProjectConfigurationPlatforms) = postSolution
		{EC26B1FA-5A0A-4F82-A00E-B73B46FA4888}.Debug|x64.ActiveCfg = Debug|x64
		{EC26B1FA-5A0A-4F82-A00E-B73B46FA4888}.Debug|x64.Build.0 = Debug|x64
		{EC26B1FA-5A0A-4F82-A00E-B73B46FA4888}.Debug|x86.ActiveCfg = Debug|Win32
		{EC26B1FA-5A0A-4F82-A00E-B73B46FA4888}.Debug|x86.Build.0 = Debug|Win32
		{EC26B1FA-5A0A-4F82-A00E-B73B46FA4888}.Release|x64.ActiveCfg = Release|x64
		{EC26B1FA-5A0A-4F82-A00E-B73B46FA4888}.Release|x64.Build.0 = Release|x64
		{EC26B1FA-5A0A-4F82-A00E-B73B46FA4888}.Release|x86.ActiveCfg = Release|Win32
		{EC26B1FA-5A0A-4F82-A00E-B73B46FA4888}.Release|x86.Build.0 = Release|Win32
		{13A39D55-719E-42E1-AF79-24A26B0A51C8}.Debug|x64.ActiveCfg = Debug|x64
		{13A39D55-719E-42E1-AF79-24A26B0A51C8}.Debug|x64.Build.0 = Debug|x64
		{13A39D55-719E-42E1-AF79-24A26B0A51C8}.Debug|x86.ActiveCfg = Debug|Win32
		{13A39D55-719E-42E1-AF79-24A26B0A51C8}.Debug|x86.Build.0 = Debug|Win32
		{13A39D55-719E-42E1-AF79-24A26B0A51C8}.Release|x64.ActiveCfg = Release|x64
		{13A39D55-719E-42E1-AF79-24A26B0A51C8}.Release|x64.Build.0 = Release|x64
		{13A39D55-719E-42E1-AF79-24A26B0A51C8}.Release|x86.ActiveCfg = Release|Win32
		{13A39D55-719E-42E1-AF79-24A26B0A51C8}.Release|x86.Build.0 = Release|Win32
	EndGlobalSection
	GlobalSection(SolutionProperties) = preSolution
		HideSolutionNode = FALSE
	EndGlobalSection
EndGlobal
